
Microsoft Visual Studio Solution File, Format Version 12.00
# Visual Studio 15
VisualStudioVersion = 15.0.26730.10
MinimumVisualStudioVersion = 10.0.40219.1
Project("{FAE04EC0-301F-11D3-BF4B-00C04F79EFBC}") = "INSTALLER", "INSTALLER\INSTALLER.csproj", "{3974EF92-3DB4-4207-A964-65600D45EFA8}"
EndProject
Global
	GlobalSection(SolutionConfigurationPlatforms) = preSolution
		Debug|Any CPU = Debug|Any CPU
		Release|Any CPU = Release|Any CPU
	EndGlobalSection
	GlobalSection(ProjectConfigurationPlatforms) = postSolution
		{3974EF92-3DB4-4207-A964-65600D45EFA8}.Debug|Any CPU.ActiveCfg = Debug|Any CPU
		{3974EF92-3DB4-4207-A964-65600D45EFA8}.Debug|Any CPU.Build.0 = Debug|Any CPU
		{3974EF92-3DB4-4207-A964-65600D45EFA8}.Release|Any CPU.ActiveCfg = Release|Any CPU
		{3974EF92-3DB4-4207-A964-65600D45EFA8}.Release|Any CPU.Build.0 = Release|Any CPU
	EndGlobalSection
	GlobalSection(SolutionProperties) = preSolution
		HideSolutionNode = FALSE
	EndGlobalSection
	GlobalSection(ExtensibilityGlobals) = postSolution
		SolutionGuid = {CE5A4EF2-AB80-4E48-B498-0E6726E68556}
	EndGlobalSection
EndGlobal
